
Microsoft Visual Studio Solution File, Format Version 12.00
# Visual Studio 15
VisualStudioVersion = 15.0.28307.902
MinimumVisualStudioVersion = 10.0.40219.1
Project("{FAE04EC0-301F-11D3-BF4B-00C04F79EFBC}") = "Year2_Lupsan_Sabrina", "Year2_Lupsan_Sabrina\Year2_Lupsan_Sabrina.csproj", "{53C87DC4-AB7E-4491-9323-91AC046BC389}"
EndProject
Global
	GlobalSection(SolutionConfigurationPlatforms) = preSolution
		Debug|Any CPU = Debug|Any CPU
		Release|Any CPU = Release|Any CPU
	EndGlobalSection
	GlobalSection(ProjectConfigurationPlatforms) = postSolution
		{53C87DC4-AB7E-4491-9323-91AC046BC389}.Debug|Any CPU.ActiveCfg = Debug|Any CPU
		{53C87DC4-AB7E-4491-9323-91AC046BC389}.Debug|Any CPU.Build.0 = Debug|Any CPU
		{53C87DC4-AB7E-4491-9323-91AC046BC389}.Release|Any CPU.ActiveCfg = Release|Any CPU
		{53C87DC4-AB7E-4491-9323-91AC046BC389}.Release|Any CPU.Build.0 = Release|Any CPU
	EndGlobalSection
	GlobalSection(SolutionProperties) = preSolution
		HideSolutionNode = FALSE
	EndGlobalSection
	GlobalSection(ExtensibilityGlobals) = postSolution
		SolutionGuid = {678C84A3-36CD-44E9-82E2-2DA441501E51}
	EndGlobalSection
EndGlobal
