
Microsoft Visual Studio Solution File, Format Version 12.00
# Visual Studio 15
VisualStudioVersion = 15.0.28307.902
MinimumVisualStudioVersion = 10.0.40219.1
Project("{FAE04EC0-301F-11D3-BF4B-00C04F79EFBC}") = "DevConference", "DevConference\DevConference.csproj", "{2CF63B77-0C01-428F-A781-9D5E3836AFD6}"
EndProject
Global
	GlobalSection(SolutionConfigurationPlatforms) = preSolution
		Debug|Any CPU = Debug|Any CPU
		Release|Any CPU = Release|Any CPU
	EndGlobalSection
	GlobalSection(ProjectConfigurationPlatforms) = postSolution
		{2CF63B77-0C01-428F-A781-9D5E3836AFD6}.Debug|Any CPU.ActiveCfg = Debug|Any CPU
		{2CF63B77-0C01-428F-A781-9D5E3836AFD6}.Debug|Any CPU.Build.0 = Debug|Any CPU
		{2CF63B77-0C01-428F-A781-9D5E3836AFD6}.Release|Any CPU.ActiveCfg = Release|Any CPU
		{2CF63B77-0C01-428F-A781-9D5E3836AFD6}.Release|Any CPU.Build.0 = Release|Any CPU
	EndGlobalSection
	GlobalSection(SolutionProperties) = preSolution
		HideSolutionNode = FALSE
	EndGlobalSection
	GlobalSection(ExtensibilityGlobals) = postSolution
		SolutionGuid = {51DF7A6A-A5AA-4F94-BE91-15EFA1995080}
	EndGlobalSection
EndGlobal
